{
    "version": 3,
    "terraform_version": "0.8.8",
    "serial": 9,
    "lineage": "1a98d82f-5b31-4c18-bf85-096f06bc49ac",
    "modules": [
        {
            "path": [
                "root"
            ],
            "outputs": {},
            "resources": {
                "aws_iam_role.iam_for_lambda": {
                    "type": "aws_iam_role",
                    "depends_on": [],
                    "primary": {
                        "id": "iam_for_lambda",
                        "attributes": {
                            "arn": "arn:aws:iam::536099501702:role/iam_for_lambda",
                            "assume_role_policy": "{\"Version\":\"2012-10-17\",\"Statement\":[{\"Sid\":\"\",\"Effect\":\"Allow\",\"Principal\":{\"Service\":\"lambda.amazonaws.com\"},\"Action\":\"sts:AssumeRole\"}]}",
                            "create_date": "2017-03-07T14:16:40Z",
                            "id": "iam_for_lambda",
                            "name": "iam_for_lambda",
                            "path": "/",
                            "unique_id": "AROAJBOMVPFXUC5JIXUIO"
                        },
                        "meta": {},
                        "tainted": false
                    },
                    "deposed": [],
                    "provider": ""
                },
                "aws_lambda_function.dd_on_ingest": {
                    "type": "aws_lambda_function",
                    "depends_on": [
                        "aws_iam_role.iam_for_lambda"
                    ],
                    "primary": {
                        "id": "dd_on_ingest",
                        "attributes": {
                            "arn": "arn:aws:lambda:eu-west-2:536099501702:function:dd_on_ingest",
                            "description": "",
                            "environment.#": "0",
                            "filename": "dd_on_ingest.zip",
                            "function_name": "dd_on_ingest",
                            "handler": "on_ingest.main",
                            "id": "dd_on_ingest",
                            "kms_key_arn": "",
                            "last_modified": "2017-03-07T14:58:07.330+0000",
                            "memory_size": "128",
                            "publish": "false",
                            "qualified_arn": "arn:aws:lambda:eu-west-2:536099501702:function:dd_on_ingest:$LATEST",
                            "role": "arn:aws:iam::536099501702:role/iam_for_lambda",
                            "runtime": "python2.7",
                            "source_code_hash": "MhF957+xqnWl0/nFpKcwPLNN1g+yMVHjytFm0WPgtA8=",
                            "timeout": "3",
                            "version": "$LATEST",
                            "vpc_config.#": "0"
                        },
                        "meta": {},
                        "tainted": false
                    },
                    "deposed": [],
                    "provider": ""
                },
                "aws_lambda_function.dd_on_scan": {
                    "type": "aws_lambda_function",
                    "depends_on": [
                        "aws_iam_role.iam_for_lambda"
                    ],
                    "primary": {
                        "id": "dd_on_scan",
                        "attributes": {
                            "arn": "arn:aws:lambda:eu-west-2:536099501702:function:dd_on_scan",
                            "description": "",
                            "environment.#": "0",
                            "filename": "dd_on_scan.zip",
                            "function_name": "dd_on_scan",
                            "handler": "on_scan.main",
                            "id": "dd_on_scan",
                            "kms_key_arn": "",
                            "last_modified": "2017-03-07T14:58:05.976+0000",
                            "memory_size": "128",
                            "publish": "false",
                            "qualified_arn": "arn:aws:lambda:eu-west-2:536099501702:function:dd_on_scan:$LATEST",
                            "role": "arn:aws:iam::536099501702:role/iam_for_lambda",
                            "runtime": "python2.7",
                            "source_code_hash": "SF5embJOk22Lk0ZARefMU645WUnr3guuTlwq/KK6tQw=",
                            "timeout": "3",
                            "version": "$LATEST",
                            "vpc_config.#": "0"
                        },
                        "meta": {},
                        "tainted": false
                    },
                    "deposed": [],
                    "provider": ""
                },
                "aws_lambda_function.dd_process_file": {
                    "type": "aws_lambda_function",
                    "depends_on": [
                        "aws_iam_role.iam_for_lambda"
                    ],
                    "primary": {
                        "id": "dd_process_file",
                        "attributes": {
                            "arn": "arn:aws:lambda:eu-west-2:536099501702:function:dd_process_file",
                            "description": "",
                            "environment.#": "0",
                            "filename": "dd_process_file.zip",
                            "function_name": "dd_process_file",
                            "handler": "process_file.main",
                            "id": "dd_process_file",
                            "kms_key_arn": "",
                            "last_modified": "2017-03-07T14:58:05.611+0000",
                            "memory_size": "128",
                            "publish": "false",
                            "qualified_arn": "arn:aws:lambda:eu-west-2:536099501702:function:dd_process_file:$LATEST",
                            "role": "arn:aws:iam::536099501702:role/iam_for_lambda",
                            "runtime": "python2.7",
                            "source_code_hash": "FJfCU66BwIAmiJgrOm/iR1zRdAesteXrAAwmtGWtqmk=",
                            "timeout": "3",
                            "version": "$LATEST",
                            "vpc_config.#": "0"
                        },
                        "meta": {},
                        "tainted": false
                    },
                    "deposed": [],
                    "provider": ""
                },
                "aws_sns_topic.dd_to_extract_metadata_topic": {
                    "type": "aws_sns_topic",
                    "depends_on": [],
                    "primary": {
                        "id": "arn:aws:sns:eu-west-2:536099501702:dd_to_extract_metadata",
                        "attributes": {
                            "arn": "arn:aws:sns:eu-west-2:536099501702:dd_to_extract_metadata",
                            "display_name": "",
                            "id": "arn:aws:sns:eu-west-2:536099501702:dd_to_extract_metadata",
                            "name": "dd_to_extract_metadata",
                            "policy": "{\"Id\":\"__default_policy_ID\",\"Statement\":[{\"Action\":[\"SNS:GetTopicAttributes\",\"SNS:SetTopicAttributes\",\"SNS:AddPermission\",\"SNS:RemovePermission\",\"SNS:DeleteTopic\",\"SNS:Subscribe\",\"SNS:ListSubscriptionsByTopic\",\"SNS:Publish\",\"SNS:Receive\"],\"Condition\":{\"StringEquals\":{\"AWS:SourceOwner\":\"536099501702\"}},\"Effect\":\"Allow\",\"Principal\":{\"AWS\":\"*\"},\"Resource\":\"arn:aws:sns:eu-west-2:536099501702:dd_to_extract_metadata\",\"Sid\":\"__default_statement_ID\"}],\"Version\":\"2008-10-17\"}"
                        },
                        "meta": {},
                        "tainted": false
                    },
                    "deposed": [],
                    "provider": ""
                },
                "aws_sns_topic_subscription.dd_to_extract_metadata_target": {
                    "type": "aws_sns_topic_subscription",
                    "depends_on": [
                        "aws_sns_topic.dd_to_extract_metadata_topic",
                        "aws_sqs_queue.dd_to_extract_metadata_queue"
                    ],
                    "primary": {
                        "id": "arn:aws:sns:eu-west-2:536099501702:dd_to_extract_metadata:1b3a1d1a-47bd-4bb9-a3ec-cfbcd6eac952",
                        "attributes": {
                            "arn": "arn:aws:sns:eu-west-2:536099501702:dd_to_extract_metadata:1b3a1d1a-47bd-4bb9-a3ec-cfbcd6eac952",
                            "confirmation_timeout_in_minutes": "1",
                            "endpoint": "arn:aws:sqs:eu-west-2:536099501702:dd_to_extract_metadata",
                            "endpoint_auto_confirms": "false",
                            "id": "arn:aws:sns:eu-west-2:536099501702:dd_to_extract_metadata:1b3a1d1a-47bd-4bb9-a3ec-cfbcd6eac952",
                            "protocol": "sqs",
                            "raw_message_delivery": "false",
                            "topic_arn": "arn:aws:sns:eu-west-2:536099501702:dd_to_extract_metadata"
                        },
                        "meta": {},
                        "tainted": false
                    },
                    "deposed": [],
                    "provider": ""
                },
                "aws_sqs_queue.dd_to_extract_metadata_queue": {
                    "type": "aws_sqs_queue",
                    "depends_on": [],
                    "primary": {
                        "id": "https://sqs.eu-west-2.amazonaws.com/536099501702/dd_to_extract_metadata",
                        "attributes": {
                            "arn": "arn:aws:sqs:eu-west-2:536099501702:dd_to_extract_metadata",
                            "content_based_deduplication": "false",
                            "delay_seconds": "0",
                            "fifo_queue": "false",
                            "id": "https://sqs.eu-west-2.amazonaws.com/536099501702/dd_to_extract_metadata",
                            "max_message_size": "262144",
                            "message_retention_seconds": "345600",
                            "name": "dd_to_extract_metadata",
                            "receive_wait_time_seconds": "0",
                            "visibility_timeout_seconds": "30"
                        },
                        "meta": {},
                        "tainted": false
                    },
                    "deposed": [],
                    "provider": ""
                }
            },
            "depends_on": []
        }
    ]
}
